
Microsoft Visual Studio Solution File, Format Version 12.00
# Visual Studio 15
VisualStudioVersion = 15.0.27703.2042
MinimumVisualStudioVersion = 10.0.40219.1
Project("{8BC9CEB8-8B4A-11D0-8D11-00A0C91BC942}") = "RecoilMain", "RecoilMain\RecoilMain.vcxproj", "{226E2FE6-B70D-4EC4-AD99-14A68C8E9864}"
EndProject
Global
	GlobalSection(SolutionConfigurationPlatforms) = preSolution
		Debug|x64 = Debug|x64
		Debug|x86 = Debug|x86
		Release|x64 = Release|x64
		Release|x86 = Release|x86
	EndGlobalSection
	GlobalSection(ProjectConfigurationPlatforms) = postSolution
		{226E2FE6-B70D-4EC4-AD99-14A68C8E9864}.Debug|x64.ActiveCfg = Debug|x64
		{226E2FE6-B70D-4EC4-AD99-14A68C8E9864}.Debug|x64.Build.0 = Debug|x64
		{226E2FE6-B70D-4EC4-AD99-14A68C8E9864}.Debug|x86.ActiveCfg = Debug|Win32
		{226E2FE6-B70D-4EC4-AD99-14A68C8E9864}.Debug|x86.Build.0 = Debug|Win32
		{226E2FE6-B70D-4EC4-AD99-14A68C8E9864}.Release|x64.ActiveCfg = Release|x64
		{226E2FE6-B70D-4EC4-AD99-14A68C8E9864}.Release|x64.Build.0 = Release|x64
		{226E2FE6-B70D-4EC4-AD99-14A68C8E9864}.Release|x86.ActiveCfg = Release|Win32
		{226E2FE6-B70D-4EC4-AD99-14A68C8E9864}.Release|x86.Build.0 = Release|Win32
	EndGlobalSection
	GlobalSection(SolutionProperties) = preSolution
		HideSolutionNode = FALSE
	EndGlobalSection
	GlobalSection(ExtensibilityGlobals) = postSolution
		SolutionGuid = {522EA5D8-3412-4EFC-9603-C3C5F541F288}
	EndGlobalSection
EndGlobal
